
Microsoft Visual Studio Solution File, Format Version 12.00
# Visual Studio Version 16
VisualStudioVersion = 16.0.31410.357
MinimumVisualStudioVersion = 10.0.40219.1
Project("{FAE04EC0-301F-11D3-BF4B-00C04F79EFBC}") = "WpfStartup", "WpfStartup\WpfStartup.csproj", "{8E3660CB-F8BC-4641-9C7D-664CB2366641}"
EndProject
Global
	GlobalSection(SolutionConfigurationPlatforms) = preSolution
		Debug|Any CPU = Debug|Any CPU
		Release|Any CPU = Release|Any CPU
	EndGlobalSection
	GlobalSection(ProjectConfigurationPlatforms) = postSolution
		{8E3660CB-F8BC-4641-9C7D-664CB2366641}.Debug|Any CPU.ActiveCfg = Debug|Any CPU
		{8E3660CB-F8BC-4641-9C7D-664CB2366641}.Debug|Any CPU.Build.0 = Debug|Any CPU
		{8E3660CB-F8BC-4641-9C7D-664CB2366641}.Release|Any CPU.ActiveCfg = Release|Any CPU
		{8E3660CB-F8BC-4641-9C7D-664CB2366641}.Release|Any CPU.Build.0 = Release|Any CPU
	EndGlobalSection
	GlobalSection(SolutionProperties) = preSolution
		HideSolutionNode = FALSE
	EndGlobalSection
	GlobalSection(ExtensibilityGlobals) = postSolution
		SolutionGuid = {83AC5782-043D-43D4-B6E0-AB45BAD616C2}
	EndGlobalSection
EndGlobal
